
Microsoft Visual Studio Solution File, Format Version 12.00
# Visual Studio Version 16
VisualStudioVersion = 16.0.29009.5
MinimumVisualStudioVersion = 10.0.40219.1
Project("{8BC9CEB8-8B4A-11D0-8D11-00A0C91BC942}") = "xstdtsl", "xstdtsl\xstdtsl.vcxproj", "{60D6CA42-558F-4AE4-A689-6A708B478D4F}"
EndProject
Project("{8BC9CEB8-8B4A-11D0-8D11-00A0C91BC942}") = "xstdtsl_mutex_test", "xstdtsl_mutex_test\xstdtsl_mutex_test.vcxproj", "{8D396F89-D0BB-4A88-B50C-3B294F482FBF}"
EndProject
Project("{8BC9CEB8-8B4A-11D0-8D11-00A0C91BC942}") = "xstdtsl_vector_test", "xstdtsl_vector_test\xstdtsl_vector_test.vcxproj", "{BD212696-2E22-45BA-BD30-E5D53C33F8B2}"
EndProject
Project("{8BC9CEB8-8B4A-11D0-8D11-00A0C91BC942}") = "safe_binary_tree_test", "safe_binary_tree_test\safe_binary_tree_test.vcxproj", "{4AF5B921-F974-4A27-ADD8-A66D2FA89C3F}"
EndProject
Project("{8BC9CEB8-8B4A-11D0-8D11-00A0C91BC942}") = "xstdtsl_avl_tree_test", "xstdtsl_avl_tree_test\xstdtsl_avl_tree_test.vcxproj", "{90EDA2F6-DEAC-4830-A9BB-29D8D495F55E}"
EndProject
Global
	GlobalSection(SolutionConfigurationPlatforms) = preSolution
		Debug|x64 = Debug|x64
		Debug|x86 = Debug|x86
		Release|x64 = Release|x64
		Release|x86 = Release|x86
	EndGlobalSection
	GlobalSection(ProjectConfigurationPlatforms) = postSolution
		{60D6CA42-558F-4AE4-A689-6A708B478D4F}.Debug|x64.ActiveCfg = Debug|x64
		{60D6CA42-558F-4AE4-A689-6A708B478D4F}.Debug|x64.Build.0 = Debug|x64
		{60D6CA42-558F-4AE4-A689-6A708B478D4F}.Debug|x86.ActiveCfg = Debug|Win32
		{60D6CA42-558F-4AE4-A689-6A708B478D4F}.Debug|x86.Build.0 = Debug|Win32
		{60D6CA42-558F-4AE4-A689-6A708B478D4F}.Release|x64.ActiveCfg = Release|x64
		{60D6CA42-558F-4AE4-A689-6A708B478D4F}.Release|x64.Build.0 = Release|x64
		{60D6CA42-558F-4AE4-A689-6A708B478D4F}.Release|x86.ActiveCfg = Release|Win32
		{60D6CA42-558F-4AE4-A689-6A708B478D4F}.Release|x86.Build.0 = Release|Win32
		{8D396F89-D0BB-4A88-B50C-3B294F482FBF}.Debug|x64.ActiveCfg = Debug|x64
		{8D396F89-D0BB-4A88-B50C-3B294F482FBF}.Debug|x64.Build.0 = Debug|x64
		{8D396F89-D0BB-4A88-B50C-3B294F482FBF}.Debug|x86.ActiveCfg = Debug|Win32
		{8D396F89-D0BB-4A88-B50C-3B294F482FBF}.Debug|x86.Build.0 = Debug|Win32
		{8D396F89-D0BB-4A88-B50C-3B294F482FBF}.Release|x64.ActiveCfg = Release|x64
		{8D396F89-D0BB-4A88-B50C-3B294F482FBF}.Release|x64.Build.0 = Release|x64
		{8D396F89-D0BB-4A88-B50C-3B294F482FBF}.Release|x86.ActiveCfg = Release|Win32
		{8D396F89-D0BB-4A88-B50C-3B294F482FBF}.Release|x86.Build.0 = Release|Win32
		{BD212696-2E22-45BA-BD30-E5D53C33F8B2}.Debug|x64.ActiveCfg = Debug|x64
		{BD212696-2E22-45BA-BD30-E5D53C33F8B2}.Debug|x64.Build.0 = Debug|x64
		{BD212696-2E22-45BA-BD30-E5D53C33F8B2}.Debug|x86.ActiveCfg = Debug|Win32
		{BD212696-2E22-45BA-BD30-E5D53C33F8B2}.Debug|x86.Build.0 = Debug|Win32
		{BD212696-2E22-45BA-BD30-E5D53C33F8B2}.Release|x64.ActiveCfg = Release|x64
		{BD212696-2E22-45BA-BD30-E5D53C33F8B2}.Release|x64.Build.0 = Release|x64
		{BD212696-2E22-45BA-BD30-E5D53C33F8B2}.Release|x86.ActiveCfg = Release|Win32
		{BD212696-2E22-45BA-BD30-E5D53C33F8B2}.Release|x86.Build.0 = Release|Win32
		{4AF5B921-F974-4A27-ADD8-A66D2FA89C3F}.Debug|x64.ActiveCfg = Debug|x64
		{4AF5B921-F974-4A27-ADD8-A66D2FA89C3F}.Debug|x64.Build.0 = Debug|x64
		{4AF5B921-F974-4A27-ADD8-A66D2FA89C3F}.Debug|x86.ActiveCfg = Debug|Win32
		{4AF5B921-F974-4A27-ADD8-A66D2FA89C3F}.Debug|x86.Build.0 = Debug|Win32
		{4AF5B921-F974-4A27-ADD8-A66D2FA89C3F}.Release|x64.ActiveCfg = Release|x64
		{4AF5B921-F974-4A27-ADD8-A66D2FA89C3F}.Release|x64.Build.0 = Release|x64
		{4AF5B921-F974-4A27-ADD8-A66D2FA89C3F}.Release|x86.ActiveCfg = Release|Win32
		{4AF5B921-F974-4A27-ADD8-A66D2FA89C3F}.Release|x86.Build.0 = Release|Win32
		{90EDA2F6-DEAC-4830-A9BB-29D8D495F55E}.Debug|x64.ActiveCfg = Debug|x64
		{90EDA2F6-DEAC-4830-A9BB-29D8D495F55E}.Debug|x64.Build.0 = Debug|x64
		{90EDA2F6-DEAC-4830-A9BB-29D8D495F55E}.Debug|x86.ActiveCfg = Debug|Win32
		{90EDA2F6-DEAC-4830-A9BB-29D8D495F55E}.Debug|x86.Build.0 = Debug|Win32
		{90EDA2F6-DEAC-4830-A9BB-29D8D495F55E}.Release|x64.ActiveCfg = Release|x64
		{90EDA2F6-DEAC-4830-A9BB-29D8D495F55E}.Release|x64.Build.0 = Release|x64
		{90EDA2F6-DEAC-4830-A9BB-29D8D495F55E}.Release|x86.ActiveCfg = Release|Win32
		{90EDA2F6-DEAC-4830-A9BB-29D8D495F55E}.Release|x86.Build.0 = Release|Win32
	EndGlobalSection
	GlobalSection(SolutionProperties) = preSolution
		HideSolutionNode = FALSE
	EndGlobalSection
	GlobalSection(ExtensibilityGlobals) = postSolution
		SolutionGuid = {8A6B7497-F041-4DE0-9552-4AA46518E9F8}
	EndGlobalSection
EndGlobal
